
Microsoft Visual Studio Solution File, Format Version 12.00
# Visual Studio 14
VisualStudioVersion = 14.0.23107.0
MinimumVisualStudioVersion = 10.0.40219.1
Project("{FAE04EC0-301F-11D3-BF4B-00C04F79EFBC}") = "Test_variant4_task1", "Test_variant4_task1\Test_variant4_task1.csproj", "{6B577D38-709E-44F5-B79B-E47115F6FDE4}"
EndProject
Global
	GlobalSection(SolutionConfigurationPlatforms) = preSolution
		Debug|Any CPU = Debug|Any CPU
		Release|Any CPU = Release|Any CPU
	EndGlobalSection
	GlobalSection(ProjectConfigurationPlatforms) = postSolution
		{6B577D38-709E-44F5-B79B-E47115F6FDE4}.Debug|Any CPU.ActiveCfg = Debug|Any CPU
		{6B577D38-709E-44F5-B79B-E47115F6FDE4}.Debug|Any CPU.Build.0 = Debug|Any CPU
		{6B577D38-709E-44F5-B79B-E47115F6FDE4}.Release|Any CPU.ActiveCfg = Release|Any CPU
		{6B577D38-709E-44F5-B79B-E47115F6FDE4}.Release|Any CPU.Build.0 = Release|Any CPU
	EndGlobalSection
	GlobalSection(SolutionProperties) = preSolution
		HideSolutionNode = FALSE
	EndGlobalSection
EndGlobal
